
Microsoft Visual Studio Solution File, Format Version 11.00
# Visual Studio 2010
Project("{FAE04EC0-301F-11D3-BF4B-00C04F79EFBC}") = "Assembly-CSharp-firstpass", "Assembly-CSharp-firstpass.csproj", "{C1069D29-5207-AC62-272C-A9D390E26154}"
EndProject
Project("{FAE04EC0-301F-11D3-BF4B-00C04F79EFBC}") = "Assembly-CSharp-Editor-firstpass", "Assembly-CSharp-Editor-firstpass.csproj", "{6218479B-A9CB-2587-44A6-5E588127D3F6}"
EndProject
Global
	GlobalSection(SolutionConfigurationPlatforms) = preSolution
		Debug|Any CPU = Debug|Any CPU
		Release|Any CPU = Release|Any CPU
	EndGlobalSection
	GlobalSection(ProjectConfigurationPlatforms) = postSolution
		{C1069D29-5207-AC62-272C-A9D390E26154}.Debug|Any CPU.ActiveCfg = Debug|Any CPU
		{C1069D29-5207-AC62-272C-A9D390E26154}.Debug|Any CPU.Build.0 = Debug|Any CPU
		{C1069D29-5207-AC62-272C-A9D390E26154}.Release|Any CPU.ActiveCfg = Release|Any CPU
		{C1069D29-5207-AC62-272C-A9D390E26154}.Release|Any CPU.Build.0 = Release|Any CPU
		{6218479B-A9CB-2587-44A6-5E588127D3F6}.Debug|Any CPU.ActiveCfg = Debug|Any CPU
		{6218479B-A9CB-2587-44A6-5E588127D3F6}.Debug|Any CPU.Build.0 = Debug|Any CPU
		{6218479B-A9CB-2587-44A6-5E588127D3F6}.Release|Any CPU.ActiveCfg = Release|Any CPU
		{6218479B-A9CB-2587-44A6-5E588127D3F6}.Release|Any CPU.Build.0 = Release|Any CPU
	EndGlobalSection
	GlobalSection(SolutionProperties) = preSolution
		HideSolutionNode = FALSE
	EndGlobalSection
	GlobalSection(MonoDevelopProperties) = preSolution
		StartupItem = Assembly-CSharp.csproj
	EndGlobalSection
EndGlobal
